
Microsoft Visual Studio Solution File, Format Version 12.00
# Visual Studio Version 17
VisualStudioVersion = 17.4.33213.308
MinimumVisualStudioVersion = 10.0.40219.1
Project("{9A19103F-16F7-4668-BE54-9A1E7A4F7556}") = "MessageScheduler.Api", "MessageScheduler.Api\MessageScheduler.Api.csproj", "{121E1F10-6F20-4D0C-AAEE-236FDBBC3681}"
EndProject
Project("{9A19103F-16F7-4668-BE54-9A1E7A4F7556}") = "MessageScheduler.Core", "MessageScheduler.Core\MessageScheduler.Core.csproj", "{DE11496A-A84B-4181-8993-27B1C877E751}"
EndProject
Project("{9A19103F-16F7-4668-BE54-9A1E7A4F7556}") = "MessageScheduler.Data", "MessageScheduler.Data\MessageScheduler.Data.csproj", "{27B9567D-DC3A-4798-A6E0-83E632C96E55}"
EndProject
Project("{9A19103F-16F7-4668-BE54-9A1E7A4F7556}") = "MessageScheduler.Service", "MessageScheduler.Service\MessageScheduler.Service.csproj", "{A6A19F60-16B3-4A2C-B863-947A80AB36F9}"
EndProject
Project("{FAE04EC0-301F-11D3-BF4B-00C04F79EFBC}") = "MessageScheduler.Test", "MessageScheduler.Test\MessageScheduler.Test.csproj", "{A3F26F47-A2CE-4161-910F-DFACD9DC72CF}"
EndProject
Global
	GlobalSection(SolutionConfigurationPlatforms) = preSolution
		Debug|Any CPU = Debug|Any CPU
		Release|Any CPU = Release|Any CPU
	EndGlobalSection
	GlobalSection(ProjectConfigurationPlatforms) = postSolution
		{121E1F10-6F20-4D0C-AAEE-236FDBBC3681}.Debug|Any CPU.ActiveCfg = Debug|Any CPU
		{121E1F10-6F20-4D0C-AAEE-236FDBBC3681}.Debug|Any CPU.Build.0 = Debug|Any CPU
		{121E1F10-6F20-4D0C-AAEE-236FDBBC3681}.Release|Any CPU.ActiveCfg = Release|Any CPU
		{121E1F10-6F20-4D0C-AAEE-236FDBBC3681}.Release|Any CPU.Build.0 = Release|Any CPU
		{DE11496A-A84B-4181-8993-27B1C877E751}.Debug|Any CPU.ActiveCfg = Debug|Any CPU
		{DE11496A-A84B-4181-8993-27B1C877E751}.Debug|Any CPU.Build.0 = Debug|Any CPU
		{DE11496A-A84B-4181-8993-27B1C877E751}.Release|Any CPU.ActiveCfg = Release|Any CPU
		{DE11496A-A84B-4181-8993-27B1C877E751}.Release|Any CPU.Build.0 = Release|Any CPU
		{27B9567D-DC3A-4798-A6E0-83E632C96E55}.Debug|Any CPU.ActiveCfg = Debug|Any CPU
		{27B9567D-DC3A-4798-A6E0-83E632C96E55}.Debug|Any CPU.Build.0 = Debug|Any CPU
		{27B9567D-DC3A-4798-A6E0-83E632C96E55}.Release|Any CPU.ActiveCfg = Release|Any CPU
		{27B9567D-DC3A-4798-A6E0-83E632C96E55}.Release|Any CPU.Build.0 = Release|Any CPU
		{A6A19F60-16B3-4A2C-B863-947A80AB36F9}.Debug|Any CPU.ActiveCfg = Debug|Any CPU
		{A6A19F60-16B3-4A2C-B863-947A80AB36F9}.Debug|Any CPU.Build.0 = Debug|Any CPU
		{A6A19F60-16B3-4A2C-B863-947A80AB36F9}.Release|Any CPU.ActiveCfg = Release|Any CPU
		{A6A19F60-16B3-4A2C-B863-947A80AB36F9}.Release|Any CPU.Build.0 = Release|Any CPU
		{A3F26F47-A2CE-4161-910F-DFACD9DC72CF}.Debug|Any CPU.ActiveCfg = Debug|Any CPU
		{A3F26F47-A2CE-4161-910F-DFACD9DC72CF}.Debug|Any CPU.Build.0 = Debug|Any CPU
		{A3F26F47-A2CE-4161-910F-DFACD9DC72CF}.Release|Any CPU.ActiveCfg = Release|Any CPU
		{A3F26F47-A2CE-4161-910F-DFACD9DC72CF}.Release|Any CPU.Build.0 = Release|Any CPU
	EndGlobalSection
	GlobalSection(SolutionProperties) = preSolution
		HideSolutionNode = FALSE
	EndGlobalSection
	GlobalSection(ExtensibilityGlobals) = postSolution
		SolutionGuid = {C9B5745C-27E7-42F0-AAFA-F81DA8870813}
	EndGlobalSection
EndGlobal
